
Microsoft Visual Studio Solution File, Format Version 12.00
# Visual Studio Version 17
VisualStudioVersion = 17.3.32929.385
MinimumVisualStudioVersion = 10.0.40219.1
Project("{9A19103F-16F7-4668-BE54-9A1E7A4F7556}") = "Media_Player", "MediaPlayer\Media_Player.csproj", "{F2D5D273-0381-4681-872D-2DCAB60C8DD4}"
EndProject
Global
	GlobalSection(SolutionConfigurationPlatforms) = preSolution
		Debug|Any CPU = Debug|Any CPU
		Release|Any CPU = Release|Any CPU
	EndGlobalSection
	GlobalSection(ProjectConfigurationPlatforms) = postSolution
		{F2D5D273-0381-4681-872D-2DCAB60C8DD4}.Debug|Any CPU.ActiveCfg = Debug|Any CPU
		{F2D5D273-0381-4681-872D-2DCAB60C8DD4}.Debug|Any CPU.Build.0 = Debug|Any CPU
		{F2D5D273-0381-4681-872D-2DCAB60C8DD4}.Release|Any CPU.ActiveCfg = Release|Any CPU
		{F2D5D273-0381-4681-872D-2DCAB60C8DD4}.Release|Any CPU.Build.0 = Release|Any CPU
	EndGlobalSection
	GlobalSection(SolutionProperties) = preSolution
		HideSolutionNode = FALSE
	EndGlobalSection
	GlobalSection(ExtensibilityGlobals) = postSolution
		SolutionGuid = {2CC7C753-82C9-4572-A220-8E9E5141BEDF}
	EndGlobalSection
EndGlobal
